
Microsoft Visual Studio Solution File, Format Version 12.00
# Visual Studio Version 17
VisualStudioVersion = 17.0.32126.317
MinimumVisualStudioVersion = 10.0.40219.1
Project("{FAE04EC0-301F-11D3-BF4B-00C04F79EFBC}") = "SMC-Data", "SMC-Data\SMC-Data.csproj", "{BA77FF5C-4047-4749-AB64-A63B84349837}"
EndProject
Global
	GlobalSection(SolutionConfigurationPlatforms) = preSolution
		Debug|Any CPU = Debug|Any CPU
		Release|Any CPU = Release|Any CPU
	EndGlobalSection
	GlobalSection(ProjectConfigurationPlatforms) = postSolution
		{BA77FF5C-4047-4749-AB64-A63B84349837}.Debug|Any CPU.ActiveCfg = Debug|Any CPU
		{BA77FF5C-4047-4749-AB64-A63B84349837}.Debug|Any CPU.Build.0 = Debug|Any CPU
		{BA77FF5C-4047-4749-AB64-A63B84349837}.Release|Any CPU.ActiveCfg = Release|Any CPU
		{BA77FF5C-4047-4749-AB64-A63B84349837}.Release|Any CPU.Build.0 = Release|Any CPU
	EndGlobalSection
	GlobalSection(SolutionProperties) = preSolution
		HideSolutionNode = FALSE
	EndGlobalSection
	GlobalSection(ExtensibilityGlobals) = postSolution
		SolutionGuid = {3AAB2513-FC38-4AE1-A4A6-6AC1A0D45A59}
	EndGlobalSection
EndGlobal
